
Microsoft Visual Studio Solution File, Format Version 12.00
# Visual Studio Version 17
VisualStudioVersion = 17.8.34525.116
MinimumVisualStudioVersion = 10.0.40219.1
Project("{FAE04EC0-301F-11D3-BF4B-00C04F79EFBC}") = "IT15_Project", "IT15_Project.csproj", "{22E43273-A168-4C84-8520-AF438096DED4}"
EndProject
Global
	GlobalSection(SolutionConfigurationPlatforms) = preSolution
		Debug|Any CPU = Debug|Any CPU
		Release|Any CPU = Release|Any CPU
	EndGlobalSection
	GlobalSection(ProjectConfigurationPlatforms) = postSolution
		{22E43273-A168-4C84-8520-AF438096DED4}.Debug|Any CPU.ActiveCfg = Debug|Any CPU
		{22E43273-A168-4C84-8520-AF438096DED4}.Debug|Any CPU.Build.0 = Debug|Any CPU
		{22E43273-A168-4C84-8520-AF438096DED4}.Release|Any CPU.ActiveCfg = Release|Any CPU
		{22E43273-A168-4C84-8520-AF438096DED4}.Release|Any CPU.Build.0 = Release|Any CPU
	EndGlobalSection
	GlobalSection(SolutionProperties) = preSolution
		HideSolutionNode = FALSE
	EndGlobalSection
	GlobalSection(ExtensibilityGlobals) = postSolution
		SolutionGuid = {6FF24F61-32AD-499A-BBB2-9836C92389FF}
	EndGlobalSection
EndGlobal
